// !$*UTF8*$!
{
	archiveVersion = 1;
	classes = {
	};
	objectVersion = 50;
	objects = {

/* Begin PBXBuildFile section */
		08C382C222DDD12400F84E5F /* ChordsPickerViewController.swift in Sources */ = {isa = PBXBuildFile; fileRef = 08C382C122DDD12400F84E5F /* ChordsPickerViewController.swift */; };
		12F5A18722DBAE6F006DF9D4 /* AppDelegate.swift in Sources */ = {isa = PBXBuildFile; fileRef = 12F5A18622DBAE6F006DF9D4 /* AppDelegate.swift */; };
		12F5A18922DBAE6F006DF9D4 /* ViewController.swift in Sources */ = {isa = PBXBuildFile; fileRef = 12F5A18822DBAE6F006DF9D4 /* ViewController.swift */; };
		12F5A18C22DBAE6F006DF9D4 /* Main.storyboard in Resources */ = {isa = PBXBuildFile; fileRef = 12F5A18A22DBAE6F006DF9D4 /* Main.storyboard */; };
		12F5A18F22DBAE6F006DF9D4 /* LetsPlayStoryboards.xcdatamodeld in Sources */ = {isa = PBXBuildFile; fileRef = 12F5A18D22DBAE6F006DF9D4 /* LetsPlayStoryboards.xcdatamodeld */; };
		12F5A19122DBAE71006DF9D4 /* Assets.xcassets in Resources */ = {isa = PBXBuildFile; fileRef = 12F5A19022DBAE71006DF9D4 /* Assets.xcassets */; };
		12F5A19422DBAE71006DF9D4 /* LaunchScreen.storyboard in Resources */ = {isa = PBXBuildFile; fileRef = 12F5A19222DBAE71006DF9D4 /* LaunchScreen.storyboard */; };
		12F5A19F22DBAE71006DF9D4 /* LetsPlayStoryboardsTests.swift in Sources */ = {isa = PBXBuildFile; fileRef = 12F5A19E22DBAE71006DF9D4 /* LetsPlayStoryboardsTests.swift */; };
		12F5A1AA22DBAE71006DF9D4 /* LetsPlayStoryboardsUITests.swift in Sources */ = {isa = PBXBuildFile; fileRef = 12F5A1A922DBAE71006DF9D4 /* LetsPlayStoryboardsUITests.swift */; };
		EC2C6D5D22DCD20E00D7A045 /* GreenButton.png in Resources */ = {isa = PBXBuildFile; fileRef = EC2C6D5922DCD20E00D7A045 /* GreenButton.png */; };
		EC2C6D5E22DCD20E00D7A045 /* metal@2x.png in Resources */ = {isa = PBXBuildFile; fileRef = EC2C6D5A22DCD20E00D7A045 /* metal@2x.png */; };
		EC2C6D5F22DCD20E00D7A045 /* Keyboard.png in Resources */ = {isa = PBXBuildFile; fileRef = EC2C6D5B22DCD20E00D7A045 /* Keyboard.png */; };
		EC2C6D6022DCD20E00D7A045 /* BlueButton.png in Resources */ = {isa = PBXBuildFile; fileRef = EC2C6D5C22DCD20E00D7A045 /* BlueButton.png */; };
		EC2C6D6622DCD21E00D7A045 /* RedButton.png in Resources */ = {isa = PBXBuildFile; fileRef = EC2C6D6122DCD21D00D7A045 /* RedButton.png */; };
		EC2C6D6722DCD21E00D7A045 /* treble@2x.png in Resources */ = {isa = PBXBuildFile; fileRef = EC2C6D6222DCD21D00D7A045 /* treble@2x.png */; };
		EC2C6D6822DCD21E00D7A045 /* settings@2x.png in Resources */ = {isa = PBXBuildFile; fileRef = EC2C6D6322DCD21E00D7A045 /* settings@2x.png */; };
		EC2C6D6922DCD21E00D7A045 /* pick.png in Resources */ = {isa = PBXBuildFile; fileRef = EC2C6D6422DCD21E00D7A045 /* pick.png */; };
		EC2C6D6A22DCD21E00D7A045 /* PinkButton.png in Resources */ = {isa = PBXBuildFile; fileRef = EC2C6D6522DCD21E00D7A045 /* PinkButton.png */; };
/* End PBXBuildFile section */

/* Begin PBXContainerItemProxy section */
		12F5A19B22DBAE71006DF9D4 /* PBXContainerItemProxy */ = {
			isa = PBXContainerItemProxy;
			containerPortal = 12F5A17B22DBAE6F006DF9D4 /* Project object */;
			proxyType = 1;
			remoteGlobalIDString = 12F5A18222DBAE6F006DF9D4;
			remoteInfo = LetsPlayStoryboards;
		};
		12F5A1A622DBAE71006DF9D4 /* PBXContainerItemProxy */ = {
			isa = PBXContainerItemProxy;
			containerPortal = 12F5A17B22DBAE6F006DF9D4 /* Project object */;
			proxyType = 1;
			remoteGlobalIDString = 12F5A18222DBAE6F006DF9D4;
			remoteInfo = LetsPlayStoryboards;
		};
/* End PBXContainerItemProxy section */

/* Begin PBXFileReference section */
		08C382C122DDD12400F84E5F /* ChordsPickerViewController.swift */ = {isa = PBXFileReference; fileEncoding = 4; lastKnownFileType = sourcecode.swift; path = ChordsPickerViewController.swift; sourceTree = "<group>"; };
		12F5A18322DBAE6F006DF9D4 /* LetsPlayStoryboards.app */ = {isa = PBXFileReference; explicitFileType = wrapper.application; includeInIndex = 0; path = LetsPlayStoryboards.app; sourceTree = BUILT_PRODUCTS_DIR; };
		12F5A18622DBAE6F006DF9D4 /* AppDelegate.swift */ = {isa = PBXFileReference; lastKnownFileType = sourcecode.swift; path = AppDelegate.swift; sourceTree = "<group>"; };
		12F5A18822DBAE6F006DF9D4 /* ViewController.swift */ = {isa = PBXFileReference; lastKnownFileType = sourcecode.swift; path = ViewController.swift; sourceTree = "<group>"; };
		12F5A18B22DBAE6F006DF9D4 /* Base */ = {isa = PBXFileReference; lastKnownFileType = file.storyboard; name = Base; path = Base.lproj/Main.storyboard; sourceTree = "<group>"; };
		12F5A18E22DBAE6F006DF9D4 /* LetsPlayStoryboards.xcdatamodel */ = {isa = PBXFileReference; lastKnownFileType = wrapper.xcdatamodel; path = LetsPlayStoryboards.xcdatamodel; sourceTree = "<group>"; };
		12F5A19022DBAE71006DF9D4 /* Assets.xcassets */ = {isa = PBXFileReference; lastKnownFileType = folder.assetcatalog; path = Assets.xcassets; sourceTree = "<group>"; };
		12F5A19322DBAE71006DF9D4 /* Base */ = {isa = PBXFileReference; lastKnownFileType = file.storyboard; name = Base; path = Base.lproj/LaunchScreen.storyboard; sourceTree = "<group>"; };
		12F5A19522DBAE71006DF9D4 /* Info.plist */ = {isa = PBXFileReference; lastKnownFileType = text.plist.xml; path = Info.plist; sourceTree = "<group>"; };
		12F5A19A22DBAE71006DF9D4 /* LetsPlayStoryboardsTests.xctest */ = {isa = PBXFileReference; explicitFileType = wrapper.cfbundle; includeInIndex = 0; path = LetsPlayStoryboardsTests.xctest; sourceTree = BUILT_PRODUCTS_DIR; };
		12F5A19E22DBAE71006DF9D4 /* LetsPlayStoryboardsTests.swift */ = {isa = PBXFileReference; lastKnownFileType = sourcecode.swift; path = LetsPlayStoryboardsTests.swift; sourceTree = "<group>"; };
		12F5A1A022DBAE71006DF9D4 /* Info.plist */ = {isa = PBXFileReference; lastKnownFileType = text.plist.xml; path = Info.plist; sourceTree = "<group>"; };
		12F5A1A522DBAE71006DF9D4 /* LetsPlayStoryboardsUITests.xctest */ = {isa = PBXFileReference; explicitFileType = wrapper.cfbundle; includeInIndex = 0; path = LetsPlayStoryboardsUITests.xctest; sourceTree = BUILT_PRODUCTS_DIR; };
		12F5A1A922DBAE71006DF9D4 /* LetsPlayStoryboardsUITests.swift */ = {isa = PBXFileReference; lastKnownFileType = sourcecode.swift; path = LetsPlayStoryboardsUITests.swift; sourceTree = "<group>"; };
		12F5A1AB22DBAE71006DF9D4 /* Info.plist */ = {isa = PBXFileReference; lastKnownFileType = text.plist.xml; path = Info.plist; sourceTree = "<group>"; };
		EC2C6D5922DCD20E00D7A045 /* GreenButton.png */ = {isa = PBXFileReference; lastKnownFileType = image.png; path = GreenButton.png; sourceTree = "<group>"; };
		EC2C6D5A22DCD20E00D7A045 /* metal@2x.png */ = {isa = PBXFileReference; lastKnownFileType = image.png; path = "metal@2x.png"; sourceTree = "<group>"; };
		EC2C6D5B22DCD20E00D7A045 /* Keyboard.png */ = {isa = PBXFileReference; lastKnownFileType = image.png; path = Keyboard.png; sourceTree = "<group>"; };
		EC2C6D5C22DCD20E00D7A045 /* BlueButton.png */ = {isa = PBXFileReference; lastKnownFileType = image.png; path = BlueButton.png; sourceTree = "<group>"; };
		EC2C6D6122DCD21D00D7A045 /* RedButton.png */ = {isa = PBXFileReference; lastKnownFileType = image.png; path = RedButton.png; sourceTree = "<group>"; };
		EC2C6D6222DCD21D00D7A045 /* treble@2x.png */ = {isa = PBXFileReference; lastKnownFileType = image.png; path = "treble@2x.png"; sourceTree = "<group>"; };
		EC2C6D6322DCD21E00D7A045 /* settings@2x.png */ = {isa = PBXFileReference; lastKnownFileType = image.png; path = "settings@2x.png"; sourceTree = "<group>"; };
		EC2C6D6422DCD21E00D7A045 /* pick.png */ = {isa = PBXFileReference; lastKnownFileType = image.png; path = pick.png; sourceTree = "<group>"; };
		EC2C6D6522DCD21E00D7A045 /* PinkButton.png */ = {isa = PBXFileReference; lastKnownFileType = image.png; path = PinkButton.png; sourceTree = "<group>"; };
/* End PBXFileReference section */

/* Begin PBXFrameworksBuildPhase section */
		12F5A18022DBAE6F006DF9D4 /* Frameworks */ = {
			isa = PBXFrameworksBuildPhase;
			buildActionMask = 2147483647;
			files = (
			);
			runOnlyForDeploymentPostprocessing = 0;
		};
		12F5A19722DBAE71006DF9D4 /* Frameworks */ = {
			isa = PBXFrameworksBuildPhase;
			buildActionMask = 2147483647;
			files = (
			);
			runOnlyForDeploymentPostprocessing = 0;
		};
		12F5A1A222DBAE71006DF9D4 /* Frameworks */ = {
			isa = PBXFrameworksBuildPhase;
			buildActionMask = 2147483647;
			files = (
			);
			runOnlyForDeploymentPostprocessing = 0;
		};
/* End PBXFrameworksBuildPhase section */

/* Begin PBXGroup section */
		12F5A17A22DBAE6F006DF9D4 = {
			isa = PBXGroup;
			children = (
				12F5A18522DBAE6F006DF9D4 /* LetsPlayStoryboards */,
				12F5A19D22DBAE71006DF9D4 /* LetsPlayStoryboardsTests */,
				12F5A1A822DBAE71006DF9D4 /* LetsPlayStoryboardsUITests */,
				12F5A18422DBAE6F006DF9D4 /* Products */,
			);
			sourceTree = "<group>";
		};
		12F5A18422DBAE6F006DF9D4 /* Products */ = {
			isa = PBXGroup;
			children = (
				12F5A18322DBAE6F006DF9D4 /* LetsPlayStoryboards.app */,
				12F5A19A22DBAE71006DF9D4 /* LetsPlayStoryboardsTests.xctest */,
				12F5A1A522DBAE71006DF9D4 /* LetsPlayStoryboardsUITests.xctest */,
			);
			name = Products;
			sourceTree = "<group>";
		};
		12F5A18522DBAE6F006DF9D4 /* LetsPlayStoryboards */ = {
			isa = PBXGroup;
			children = (
				08C382C122DDD12400F84E5F /* ChordsPickerViewController.swift */,
				EC2C6D6422DCD21E00D7A045 /* pick.png */,
				EC2C6D6522DCD21E00D7A045 /* PinkButton.png */,
				EC2C6D6122DCD21D00D7A045 /* RedButton.png */,
				EC2C6D6322DCD21E00D7A045 /* settings@2x.png */,
				EC2C6D6222DCD21D00D7A045 /* treble@2x.png */,
				EC2C6D5C22DCD20E00D7A045 /* BlueButton.png */,
				EC2C6D5922DCD20E00D7A045 /* GreenButton.png */,
				EC2C6D5B22DCD20E00D7A045 /* Keyboard.png */,
				EC2C6D5A22DCD20E00D7A045 /* metal@2x.png */,
				12F5A18622DBAE6F006DF9D4 /* AppDelegate.swift */,
				12F5A18822DBAE6F006DF9D4 /* ViewController.swift */,
				12F5A18A22DBAE6F006DF9D4 /* Main.storyboard */,
				12F5A19022DBAE71006DF9D4 /* Assets.xcassets */,
				12F5A19222DBAE71006DF9D4 /* LaunchScreen.storyboard */,
				12F5A19522DBAE71006DF9D4 /* Info.plist */,
				12F5A18D22DBAE6F006DF9D4 /* LetsPlayStoryboards.xcdatamodeld */,
			);
			path = LetsPlayStoryboards;
			sourceTree = "<group>";
		};
		12F5A19D22DBAE71006DF9D4 /* LetsPlayStoryboardsTests */ = {
			isa = PBXGroup;
			children = (
				12F5A19E22DBAE71006DF9D4 /* LetsPlayStoryboardsTests.swift */,
				12F5A1A022DBAE71006DF9D4 /* Info.plist */,
			);
			path = LetsPlayStoryboardsTests;
			sourceTree = "<group>";
		};
		12F5A1A822DBAE71006DF9D4 /* LetsPlayStoryboardsUITests */ = {
			isa = PBXGroup;
			children = (
				12F5A1A922DBAE71006DF9D4 /* LetsPlayStoryboardsUITests.swift */,
				12F5A1AB22DBAE71006DF9D4 /* Info.plist */,
			);
			path = LetsPlayStoryboardsUITests;
			sourceTree = "<group>";
		};
/* End PBXGroup section */

/* Begin PBXNativeTarget section */
		12F5A18222DBAE6F006DF9D4 /* LetsPlayStoryboards */ = {
			isa = PBXNativeTarget;
			buildConfigurationList = 12F5A1AE22DBAE71006DF9D4 /* Build configuration list for PBXNativeTarget "LetsPlayStoryboards" */;
			buildPhases = (
				12F5A17F22DBAE6F006DF9D4 /* Sources */,
				12F5A18022DBAE6F006DF9D4 /* Frameworks */,
				12F5A18122DBAE6F006DF9D4 /* Resources */,
			);
			buildRules = (
			);
			dependencies = (
			);
			name = LetsPlayStoryboards;
			productName = LetsPlayStoryboards;
			productReference = 12F5A18322DBAE6F006DF9D4 /* LetsPlayStoryboards.app */;
			productType = "com.apple.product-type.application";
		};
		12F5A19922DBAE71006DF9D4 /* LetsPlayStoryboardsTests */ = {
			isa = PBXNativeTarget;
			buildConfigurationList = 12F5A1B122DBAE71006DF9D4 /* Build configuration list for PBXNativeTarget "LetsPlayStoryboardsTests" */;
			buildPhases = (
				12F5A19622DBAE71006DF9D4 /* Sources */,
				12F5A19722DBAE71006DF9D4 /* Frameworks */,
				12F5A19822DBAE71006DF9D4 /* Resources */,
			);
			buildRules = (
			);
			dependencies = (
				12F5A19C22DBAE71006DF9D4 /* PBXTargetDependency */,
			);
			name = LetsPlayStoryboardsTests;
			productName = LetsPlayStoryboardsTests;
			productReference = 12F5A19A22DBAE71006DF9D4 /* LetsPlayStoryboardsTests.xctest */;
			productType = "com.apple.product-type.bundle.unit-test";
		};
		12F5A1A422DBAE71006DF9D4 /* LetsPlayStoryboardsUITests */ = {
			isa = PBXNativeTarget;
			buildConfigurationList = 12F5A1B422DBAE71006DF9D4 /* Build configuration list for PBXNativeTarget "LetsPlayStoryboardsUITests" */;
			buildPhases = (
				12F5A1A122DBAE71006DF9D4 /* Sources */,
				12F5A1A222DBAE71006DF9D4 /* Frameworks */,
				12F5A1A322DBAE71006DF9D4 /* Resources */,
			);
			buildRules = (
			);
			dependencies = (
				12F5A1A722DBAE71006DF9D4 /* PBXTargetDependency */,
			);
			name = LetsPlayStoryboardsUITests;
			productName = LetsPlayStoryboardsUITests;
			productReference = 12F5A1A522DBAE71006DF9D4 /* LetsPlayStoryboardsUITests.xctest */;
			productType = "com.apple.product-type.bundle.ui-testing";
		};
/* End PBXNativeTarget section */

/* Begin PBXProject section */
		12F5A17B22DBAE6F006DF9D4 /* Project object */ = {
			isa = PBXProject;
			attributes = {
				LastSwiftUpdateCheck = 1020;
				LastUpgradeCheck = 1020;
				ORGANIZATIONNAME = "Christian Marino";
				TargetAttributes = {
					12F5A18222DBAE6F006DF9D4 = {
						CreatedOnToolsVersion = 10.2.1;
					};
					12F5A19922DBAE71006DF9D4 = {
						CreatedOnToolsVersion = 10.2.1;
						TestTargetID = 12F5A18222DBAE6F006DF9D4;
					};
					12F5A1A422DBAE71006DF9D4 = {
						CreatedOnToolsVersion = 10.2.1;
						TestTargetID = 12F5A18222DBAE6F006DF9D4;
					};
				};
			};
			buildConfigurationList = 12F5A17E22DBAE6F006DF9D4 /* Build configuration list for PBXProject "LetsPlayStoryboards" */;
			compatibilityVersion = "Xcode 9.3";
			developmentRegion = en;
			hasScannedForEncodings = 0;
			knownRegions = (
				en,
				Base,
			);
			mainGroup = 12F5A17A22DBAE6F006DF9D4;
			productRefGroup = 12F5A18422DBAE6F006DF9D4 /* Products */;
			projectDirPath = "";
			projectRoot = "";
			targets = (
				12F5A18222DBAE6F006DF9D4 /* LetsPlayStoryboards */,
				12F5A19922DBAE71006DF9D4 /* LetsPlayStoryboardsTests */,
				12F5A1A422DBAE71006DF9D4 /* LetsPlayStoryboardsUITests */,
			);
		};
/* End PBXProject section */

/* Begin PBXResourcesBuildPhase section */
		12F5A18122DBAE6F006DF9D4 /* Resources */ = {
			isa = PBXResourcesBuildPhase;
			buildActionMask = 2147483647;
			files = (
				12F5A19422DBAE71006DF9D4 /* LaunchScreen.storyboard in Resources */,
				12F5A19122DBAE71006DF9D4 /* Assets.xcassets in Resources */,
				EC2C6D5F22DCD20E00D7A045 /* Keyboard.png in Resources */,
				EC2C6D6A22DCD21E00D7A045 /* PinkButton.png in Resources */,
				EC2C6D6922DCD21E00D7A045 /* pick.png in Resources */,
				EC2C6D6022DCD20E00D7A045 /* BlueButton.png in Resources */,
				12F5A18C22DBAE6F006DF9D4 /* Main.storyboard in Resources */,
				EC2C6D6822DCD21E00D7A045 /* settings@2x.png in Resources */,
				EC2C6D5E22DCD20E00D7A045 /* metal@2x.png in Resources */,
				EC2C6D5D22DCD20E00D7A045 /* GreenButton.png in Resources */,
				EC2C6D6622DCD21E00D7A045 /* RedButton.png in Resources */,
				EC2C6D6722DCD21E00D7A045 /* treble@2x.png in Resources */,
			);
			runOnlyForDeploymentPostprocessing = 0;
		};
		12F5A19822DBAE71006DF9D4 /* Resources */ = {
			isa = PBXResourcesBuildPhase;
			buildActionMask = 2147483647;
			files = (
			);
			runOnlyForDeploymentPostprocessing = 0;
		};
		12F5A1A322DBAE71006DF9D4 /* Resources */ = {
			isa = PBXResourcesBuildPhase;
			buildActionMask = 2147483647;
			files = (
			);
			runOnlyForDeploymentPostprocessing = 0;
		};
/* End PBXResourcesBuildPhase section */

/* Begin PBXSourcesBuildPhase section */
		12F5A17F22DBAE6F006DF9D4 /* Sources */ = {
			isa = PBXSourcesBuildPhase;
			buildActionMask = 2147483647;
			files = (
				12F5A18922DBAE6F006DF9D4 /* ViewController.swift in Sources */,
				12F5A18F22DBAE6F006DF9D4 /* LetsPlayStoryboards.xcdatamodeld in Sources */,
				08C382C222DDD12400F84E5F /* ChordsPickerViewController.swift in Sources */,
				12F5A18722DBAE6F006DF9D4 /* AppDelegate.swift in Sources */,
			);
			runOnlyForDeploymentPostprocessing = 0;
		};
		12F5A19622DBAE71006DF9D4 /* Sources */ = {
			isa = PBXSourcesBuildPhase;
			buildActionMask = 2147483647;
			files = (
				12F5A19F22DBAE71006DF9D4 /* LetsPlayStoryboardsTests.swift in Sources */,
			);
			runOnlyForDeploymentPostprocessing = 0;
		};
		12F5A1A122DBAE71006DF9D4 /* Sources */ = {
			isa = PBXSourcesBuildPhase;
			buildActionMask = 2147483647;
			files = (
				12F5A1AA22DBAE71006DF9D4 /* LetsPlayStoryboardsUITests.swift in Sources */,
			);
			runOnlyForDeploymentPostprocessing = 0;
		};
/* End PBXSourcesBuildPhase section */

/* Begin PBXTargetDependency section */
		12F5A19C22DBAE71006DF9D4 /* PBXTargetDependency */ = {
			isa = PBXTargetDependency;
			target = 12F5A18222DBAE6F006DF9D4 /* LetsPlayStoryboards */;
			targetProxy = 12F5A19B22DBAE71006DF9D4 /* PBXContainerItemProxy */;
		};
		12F5A1A722DBAE71006DF9D4 /* PBXTargetDependency */ = {
			isa = PBXTargetDependency;
			target = 12F5A18222DBAE6F006DF9D4 /* LetsPlayStoryboards */;
			targetProxy = 12F5A1A622DBAE71006DF9D4 /* PBXContainerItemProxy */;
		};
/* End PBXTargetDependency section */

/* Begin PBXVariantGroup section */
		12F5A18A22DBAE6F006DF9D4 /* Main.storyboard */ = {
			isa = PBXVariantGroup;
			children = (
				12F5A18B22DBAE6F006DF9D4 /* Base */,
			);
			name = Main.storyboard;
			sourceTree = "<group>";
		};
		12F5A19222DBAE71006DF9D4 /* LaunchScreen.storyboard */ = {
			isa = PBXVariantGroup;
			children = (
				12F5A19322DBAE71006DF9D4 /* Base */,
			);
			name = LaunchScreen.storyboard;
			sourceTree = "<group>";
		};
/* End PBXVariantGroup section */

/* Begin XCBuildConfiguration section */
		12F5A1AC22DBAE71006DF9D4 /* Debug */ = {
			isa = XCBuildConfiguration;
			buildSettings = {
				ALWAYS_SEARCH_USER_PATHS = NO;
				CLANG_ANALYZER_NONNULL = YES;
				CLANG_ANALYZER_NUMBER_OBJECT_CONVERSION = YES_AGGRESSIVE;
				CLANG_CXX_LANGUAGE_STANDARD = "gnu++14";
				CLANG_CXX_LIBRARY = "libc++";
				CLANG_ENABLE_MODULES = YES;
				CLANG_ENABLE_OBJC_ARC = YES;
				CLANG_ENABLE_OBJC_WEAK = YES;
				CLANG_WARN_BLOCK_CAPTURE_AUTORELEASING = YES;
				CLANG_WARN_BOOL_CONVERSION = YES;
				CLANG_WARN_COMMA = YES;
				CLANG_WARN_CONSTANT_CONVERSION = YES;
				CLANG_WARN_DEPRECATED_OBJC_IMPLEMENTATIONS = YES;
				CLANG_WARN_DIRECT_OBJC_ISA_USAGE = YES_ERROR;
				CLANG_WARN_DOCUMENTATION_COMMENTS = YES;
				CLANG_WARN_EMPTY_BODY = YES;
				CLANG_WARN_ENUM_CONVERSION = YES;
				CLANG_WARN_INFINITE_RECURSION = YES;
				CLANG_WARN_INT_CONVERSION = YES;
				CLANG_WARN_NON_LITERAL_NULL_CONVERSION = YES;
				CLANG_WARN_OBJC_IMPLICIT_RETAIN_SELF = YES;
				CLANG_WARN_OBJC_LITERAL_CONVERSION = YES;
				CLANG_WARN_OBJC_ROOT_CLASS = YES_ERROR;
				CLANG_WARN_RANGE_LOOP_ANALYSIS = YES;
				CLANG_WARN_STRICT_PROTOTYPES = YES;
				CLANG_WARN_SUSPICIOUS_MOVE = YES;
				CLANG_WARN_UNGUARDED_AVAILABILITY = YES_AGGRESSIVE;
				CLANG_WARN_UNREACHABLE_CODE = YES;
				CLANG_WARN__DUPLICATE_METHOD_MATCH = YES;
				CODE_SIGN_IDENTITY = "iPhone Developer";
				COPY_PHASE_STRIP = NO;
				DEBUG_INFORMATION_FORMAT = dwarf;
				ENABLE_STRICT_OBJC_MSGSEND = YES;
				ENABLE_TESTABILITY = YES;
				GCC_C_LANGUAGE_STANDARD = gnu11;
				GCC_DYNAMIC_NO_PIC = NO;
				GCC_NO_COMMON_BLOCKS = YES;
				GCC_OPTIMIZATION_LEVEL = 0;
				GCC_PREPROCESSOR_DEFINITIONS = (
					"DEBUG=1",
					"$(inherited)",
				);
				GCC_WARN_64_TO_32_BIT_CONVERSION = YES;
				GCC_WARN_ABOUT_RETURN_TYPE = YES_ERROR;
				GCC_WARN_UNDECLARED_SELECTOR = YES;
				GCC_WARN_UNINITIALIZED_AUTOS = YES_AGGRESSIVE;
				GCC_WARN_UNUSED_FUNCTION = YES;
				GCC_WARN_UNUSED_VARIABLE = YES;
				IPHONEOS_DEPLOYMENT_TARGET = 12.2;
				MTL_ENABLE_DEBUG_INFO = INCLUDE_SOURCE;
				MTL_FAST_MATH = YES;
				ONLY_ACTIVE_ARCH = YES;
				SDKROOT = iphoneos;
				SWIFT_ACTIVE_COMPILATION_CONDITIONS = DEBUG;
				SWIFT_OPTIMIZATION_LEVEL = "-Onone";
			};
			name = Debug;
		};
		12F5A1AD22DBAE71006DF9D4 /* Release */ = {
			isa = XCBuildConfiguration;
			buildSettings = {
				ALWAYS_SEARCH_USER_PATHS = NO;
				CLANG_ANALYZER_NONNULL = YES;
				CLANG_ANALYZER_NUMBER_OBJECT_CONVERSION = YES_AGGRESSIVE;
				CLANG_CXX_LANGUAGE_STANDARD = "gnu++14";
				CLANG_CXX_LIBRARY = "libc++";
				CLANG_ENABLE_MODULES = YES;
				CLANG_ENABLE_OBJC_ARC = YES;
				CLANG_ENABLE_OBJC_WEAK = YES;
				CLANG_WARN_BLOCK_CAPTURE_AUTORELEASING = YES;
				CLANG_WARN_BOOL_CONVERSION = YES;
				CLANG_WARN_COMMA = YES;
				CLANG_WARN_CONSTANT_CONVERSION = YES;
				CLANG_WARN_DEPRECATED_OBJC_IMPLEMENTATIONS = YES;
				CLANG_WARN_DIRECT_OBJC_ISA_USAGE = YES_ERROR;
				CLANG_WARN_DOCUMENTATION_COMMENTS = YES;
				CLANG_WARN_EMPTY_BODY = YES;
				CLANG_WARN_ENUM_CONVERSION = YES;
				CLANG_WARN_INFINITE_RECURSION = YES;
				CLANG_WARN_INT_CONVERSION = YES;
				CLANG_WARN_NON_LITERAL_NULL_CONVERSION = YES;
				CLANG_WARN_OBJC_IMPLICIT_RETAIN_SELF = YES;
				CLANG_WARN_OBJC_LITERAL_CONVERSION = YES;
				CLANG_WARN_OBJC_ROOT_CLASS = YES_ERROR;
				CLANG_WARN_RANGE_LOOP_ANALYSIS = YES;
				CLANG_WARN_STRICT_PROTOTYPES = YES;
				CLANG_WARN_SUSPICIOUS_MOVE = YES;
				CLANG_WARN_UNGUARDED_AVAILABILITY = YES_AGGRESSIVE;
				CLANG_WARN_UNREACHABLE_CODE = YES;
				CLANG_WARN__DUPLICATE_METHOD_MATCH = YES;
				CODE_SIGN_IDENTITY = "iPhone Developer";
				COPY_PHASE_STRIP = NO;
				DEBUG_INFORMATION_FORMAT = "dwarf-with-dsym";
				ENABLE_NS_ASSERTIONS = NO;
				ENABLE_STRICT_OBJC_MSGSEND = YES;
				GCC_C_LANGUAGE_STANDARD = gnu11;
				GCC_NO_COMMON_BLOCKS = YES;
				GCC_WARN_64_TO_32_BIT_CONVERSION = YES;
				GCC_WARN_ABOUT_RETURN_TYPE = YES_ERROR;
				GCC_WARN_UNDECLARED_SELECTOR = YES;
				GCC_WARN_UNINITIALIZED_AUTOS = YES_AGGRESSIVE;
				GCC_WARN_UNUSED_FUNCTION = YES;
				GCC_WARN_UNUSED_VARIABLE = YES;
				IPHONEOS_DEPLOYMENT_TARGET = 12.2;
				MTL_ENABLE_DEBUG_INFO = NO;
				MTL_FAST_MATH = YES;
				SDKROOT = iphoneos;
				SWIFT_COMPILATION_MODE = wholemodule;
				SWIFT_OPTIMIZATION_LEVEL = "-O";
				VALIDATE_PRODUCT = YES;
			};
			name = Release;
		};
		12F5A1AF22DBAE71006DF9D4 /* Debug */ = {
			isa = XCBuildConfiguration;
			buildSettings = {
				ASSETCATALOG_COMPILER_APPICON_NAME = AppIcon;
				CODE_SIGN_STYLE = Automatic;
				DEVELOPMENT_TEAM = K8WJKQA676;
				INFOPLIST_FILE = LetsPlayStoryboards/Info.plist;
				LD_RUNPATH_SEARCH_PATHS = (
					"$(inherited)",
					"@executable_path/Frameworks",
				);
				PRODUCT_BUNDLE_IDENTIFIER = it.unisa.cmarino.LetsPlayStoryboards;
				PRODUCT_NAME = "$(TARGET_NAME)";
				SWIFT_VERSION = 5.0;
				TARGETED_DEVICE_FAMILY = "1,2";
			};
			name = Debug;
		};
		12F5A1B022DBAE71006DF9D4 /* Release */ = {
			isa = XCBuildConfiguration;
			buildSettings = {
				ASSETCATALOG_COMPILER_APPICON_NAME = AppIcon;
				CODE_SIGN_STYLE = Automatic;
				DEVELOPMENT_TEAM = K8WJKQA676;
				INFOPLIST_FILE = LetsPlayStoryboards/Info.plist;
				LD_RUNPATH_SEARCH_PATHS = (
					"$(inherited)",
					"@executable_path/Frameworks",
				);
				PRODUCT_BUNDLE_IDENTIFIER = it.unisa.cmarino.LetsPlayStoryboards;
				PRODUCT_NAME = "$(TARGET_NAME)";
				SWIFT_VERSION = 5.0;
				TARGETED_DEVICE_FAMILY = "1,2";
			};
			name = Release;
		};
		12F5A1B222DBAE71006DF9D4 /* Debug */ = {
			isa = XCBuildConfiguration;
			buildSettings = {
				ALWAYS_EMBED_SWIFT_STANDARD_LIBRARIES = YES;
				BUNDLE_LOADER = "$(TEST_HOST)";
				CODE_SIGN_STYLE = Automatic;
				DEVELOPMENT_TEAM = 2QUUAM7RL6;
				INFOPLIST_FILE = LetsPlayStoryboardsTests/Info.plist;
				LD_RUNPATH_SEARCH_PATHS = (
					"$(inherited)",
					"@executable_path/Frameworks",
					"@loader_path/Frameworks",
				);
				PRODUCT_BUNDLE_IDENTIFIER = it.unisa.cmarino.LetsPlayStoryboardsTests;
				PRODUCT_NAME = "$(TARGET_NAME)";
				SWIFT_VERSION = 5.0;
				TARGETED_DEVICE_FAMILY = "1,2";
				TEST_HOST = "$(BUILT_PRODUCTS_DIR)/LetsPlayStoryboards.app/LetsPlayStoryboards";
			};
			name = Debug;
		};
		12F5A1B322DBAE71006DF9D4 /* Release */ = {
			isa = XCBuildConfiguration;
			buildSettings = {
				ALWAYS_EMBED_SWIFT_STANDARD_LIBRARIES = YES;
				BUNDLE_LOADER = "$(TEST_HOST)";
				CODE_SIGN_STYLE = Automatic;
				DEVELOPMENT_TEAM = 2QUUAM7RL6;
				INFOPLIST_FILE = LetsPlayStoryboardsTests/Info.plist;
				LD_RUNPATH_SEARCH_PATHS = (
					"$(inherited)",
					"@executable_path/Frameworks",
					"@loader_path/Frameworks",
				);
				PRODUCT_BUNDLE_IDENTIFIER = it.unisa.cmarino.LetsPlayStoryboardsTests;
				PRODUCT_NAME = "$(TARGET_NAME)";
				SWIFT_VERSION = 5.0;
				TARGETED_DEVICE_FAMILY = "1,2";
				TEST_HOST = "$(BUILT_PRODUCTS_DIR)/LetsPlayStoryboards.app/LetsPlayStoryboards";
			};
			name = Release;
		};
		12F5A1B522DBAE71006DF9D4 /* Debug */ = {
			isa = XCBuildConfiguration;
			buildSettings = {
				ALWAYS_EMBED_SWIFT_STANDARD_LIBRARIES = YES;
				CODE_SIGN_STYLE = Automatic;
				DEVELOPMENT_TEAM = 2QUUAM7RL6;
				INFOPLIST_FILE = LetsPlayStoryboardsUITests/Info.plist;
				LD_RUNPATH_SEARCH_PATHS = (
					"$(inherited)",
					"@executable_path/Frameworks",
					"@loader_path/Frameworks",
				);
				PRODUCT_BUNDLE_IDENTIFIER = it.unisa.cmarino.LetsPlayStoryboardsUITests;
				PRODUCT_NAME = "$(TARGET_NAME)";
				SWIFT_VERSION = 5.0;
				TARGETED_DEVICE_FAMILY = "1,2";
				TEST_TARGET_NAME = LetsPlayStoryboards;
			};
			name = Debug;
		};
		12F5A1B622DBAE71006DF9D4 /* Release */ = {
			isa = XCBuildConfiguration;
			buildSettings = {
				ALWAYS_EMBED_SWIFT_STANDARD_LIBRARIES = YES;
				CODE_SIGN_STYLE = Automatic;
				DEVELOPMENT_TEAM = 2QUUAM7RL6;
				INFOPLIST_FILE = LetsPlayStoryboardsUITests/Info.plist;
				LD_RUNPATH_SEARCH_PATHS = (
					"$(inherited)",
					"@executable_path/Frameworks",
					"@loader_path/Frameworks",
				);
				PRODUCT_BUNDLE_IDENTIFIER = it.unisa.cmarino.LetsPlayStoryboardsUITests;
				PRODUCT_NAME = "$(TARGET_NAME)";
				SWIFT_VERSION = 5.0;
				TARGETED_DEVICE_FAMILY = "1,2";
				TEST_TARGET_NAME = LetsPlayStoryboards;
			};
			name = Release;
		};
/* End XCBuildConfiguration section */

/* Begin XCConfigurationList section */
		12F5A17E22DBAE6F006DF9D4 /* Build configuration list for PBXProject "LetsPlayStoryboards" */ = {
			isa = XCConfigurationList;
			buildConfigurations = (
				12F5A1AC22DBAE71006DF9D4 /* Debug */,
				12F5A1AD22DBAE71006DF9D4 /* Release */,
			);
			defaultConfigurationIsVisible = 0;
			defaultConfigurationName = Release;
		};
		12F5A1AE22DBAE71006DF9D4 /* Build configuration list for PBXNativeTarget "LetsPlayStoryboards" */ = {
			isa = XCConfigurationList;
			buildConfigurations = (
				12F5A1AF22DBAE71006DF9D4 /* Debug */,
				12F5A1B022DBAE71006DF9D4 /* Release */,
			);
			defaultConfigurationIsVisible = 0;
			defaultConfigurationName = Release;
		};
		12F5A1B122DBAE71006DF9D4 /* Build configuration list for PBXNativeTarget "LetsPlayStoryboardsTests" */ = {
			isa = XCConfigurationList;
			buildConfigurations = (
				12F5A1B222DBAE71006DF9D4 /* Debug */,
				12F5A1B322DBAE71006DF9D4 /* Release */,
			);
			defaultConfigurationIsVisible = 0;
			defaultConfigurationName = Release;
		};
		12F5A1B422DBAE71006DF9D4 /* Build configuration list for PBXNativeTarget "LetsPlayStoryboardsUITests" */ = {
			isa = XCConfigurationList;
			buildConfigurations = (
				12F5A1B522DBAE71006DF9D4 /* Debug */,
				12F5A1B622DBAE71006DF9D4 /* Release */,
			);
			defaultConfigurationIsVisible = 0;
			defaultConfigurationName = Release;
		};
/* End XCConfigurationList section */

/* Begin XCVersionGroup section */
		12F5A18D22DBAE6F006DF9D4 /* LetsPlayStoryboards.xcdatamodeld */ = {
			isa = XCVersionGroup;
			children = (
				12F5A18E22DBAE6F006DF9D4 /* LetsPlayStoryboards.xcdatamodel */,
			);
			currentVersion = 12F5A18E22DBAE6F006DF9D4 /* LetsPlayStoryboards.xcdatamodel */;
			path = LetsPlayStoryboards.xcdatamodeld;
			sourceTree = "<group>";
			versionGroupType = wrapper.xcdatamodel;
		};
/* End XCVersionGroup section */
	};
	rootObject = 12F5A17B22DBAE6F006DF9D4 /* Project object */;
}
